
Microsoft Visual Studio Solution File, Format Version 12.00
# Visual Studio 15
VisualStudioVersion = 15.0.26430.14
MinimumVisualStudioVersion = 10.0.40219.1
Project("{8BC9CEB8-8B4A-11D0-8D11-00A0C91BC942}") = "Problem1", "Problem1\Problem1.vcxproj", "{99C1347B-95D4-4F5E-A3AB-BD5E4334446D}"
EndProject
Project("{8BC9CEB8-8B4A-11D0-8D11-00A0C91BC942}") = "Problem2", "Problem2\Problem2.vcxproj", "{769AB403-154A-47F8-A7EE-80CEE82229AA}"
EndProject
Project("{8BC9CEB8-8B4A-11D0-8D11-00A0C91BC942}") = "Problem3", "Problem3\Problem3.vcxproj", "{A83C0FB2-01CF-4F40-B5F6-33FF0DCE3B13}"
EndProject
Global
	GlobalSection(SolutionConfigurationPlatforms) = preSolution
		Debug|x64 = Debug|x64
		Debug|x86 = Debug|x86
		Release|x64 = Release|x64
		Release|x86 = Release|x86
	EndGlobalSection
	GlobalSection(ProjectConfigurationPlatforms) = postSolution
		{99C1347B-95D4-4F5E-A3AB-BD5E4334446D}.Debug|x64.ActiveCfg = Debug|x64
		{99C1347B-95D4-4F5E-A3AB-BD5E4334446D}.Debug|x64.Build.0 = Debug|x64
		{99C1347B-95D4-4F5E-A3AB-BD5E4334446D}.Debug|x86.ActiveCfg = Debug|Win32
		{99C1347B-95D4-4F5E-A3AB-BD5E4334446D}.Debug|x86.Build.0 = Debug|Win32
		{99C1347B-95D4-4F5E-A3AB-BD5E4334446D}.Release|x64.ActiveCfg = Release|x64
		{99C1347B-95D4-4F5E-A3AB-BD5E4334446D}.Release|x64.Build.0 = Release|x64
		{99C1347B-95D4-4F5E-A3AB-BD5E4334446D}.Release|x86.ActiveCfg = Release|Win32
		{99C1347B-95D4-4F5E-A3AB-BD5E4334446D}.Release|x86.Build.0 = Release|Win32
		{769AB403-154A-47F8-A7EE-80CEE82229AA}.Debug|x64.ActiveCfg = Debug|x64
		{769AB403-154A-47F8-A7EE-80CEE82229AA}.Debug|x64.Build.0 = Debug|x64
		{769AB403-154A-47F8-A7EE-80CEE82229AA}.Debug|x86.ActiveCfg = Debug|Win32
		{769AB403-154A-47F8-A7EE-80CEE82229AA}.Debug|x86.Build.0 = Debug|Win32
		{769AB403-154A-47F8-A7EE-80CEE82229AA}.Release|x64.ActiveCfg = Release|x64
		{769AB403-154A-47F8-A7EE-80CEE82229AA}.Release|x64.Build.0 = Release|x64
		{769AB403-154A-47F8-A7EE-80CEE82229AA}.Release|x86.ActiveCfg = Release|Win32
		{769AB403-154A-47F8-A7EE-80CEE82229AA}.Release|x86.Build.0 = Release|Win32
		{A83C0FB2-01CF-4F40-B5F6-33FF0DCE3B13}.Debug|x64.ActiveCfg = Debug|x64
		{A83C0FB2-01CF-4F40-B5F6-33FF0DCE3B13}.Debug|x64.Build.0 = Debug|x64
		{A83C0FB2-01CF-4F40-B5F6-33FF0DCE3B13}.Debug|x86.ActiveCfg = Debug|Win32
		{A83C0FB2-01CF-4F40-B5F6-33FF0DCE3B13}.Debug|x86.Build.0 = Debug|Win32
		{A83C0FB2-01CF-4F40-B5F6-33FF0DCE3B13}.Release|x64.ActiveCfg = Release|x64
		{A83C0FB2-01CF-4F40-B5F6-33FF0DCE3B13}.Release|x64.Build.0 = Release|x64
		{A83C0FB2-01CF-4F40-B5F6-33FF0DCE3B13}.Release|x86.ActiveCfg = Release|Win32
		{A83C0FB2-01CF-4F40-B5F6-33FF0DCE3B13}.Release|x86.Build.0 = Release|Win32
	EndGlobalSection
	GlobalSection(SolutionProperties) = preSolution
		HideSolutionNode = FALSE
	EndGlobalSection
EndGlobal
